
Microsoft Visual Studio Solution File, Format Version 12.00
# Visual Studio 14
VisualStudioVersion = 14.0.25420.1
MinimumVisualStudioVersion = 10.0.40219.1
Project("{F2A71F9B-5D33-465A-A702-920D77279786}") = "FireAnt", "FireAnt\FireAnt.fsproj", "{0A5B2D20-308C-4599-9F99-C13F98173D9F}"
EndProject
Project("{FAE04EC0-301F-11D3-BF4B-00C04F79EFBC}") = "Lighthouse", "Lighthouse\Lighthouse.csproj", "{87BE1ABF-1F59-41AB-A3CB-4B1E7E0B218A}"
EndProject
Project("{F2A71F9B-5D33-465A-A702-920D77279786}") = "Host", "Host\Host.fsproj", "{616298BC-690E-405F-ABE3-35B72A1C5A11}"
EndProject
Project("{F2A71F9B-5D33-465A-A702-920D77279786}") = "Client", "Client\Client.fsproj", "{ABA76FC1-7E4C-45C2-889D-28396500E29D}"
EndProject
Project("{F2A71F9B-5D33-465A-A702-920D77279786}") = "Akka.FSharp", "Akka.FSharp\Akka.FSharp.fsproj", "{143019B3-BBBC-4016-A804-48B8E5B2FA1B}"
EndProject
Project("{FAE04EC0-301F-11D3-BF4B-00C04F79EFBC}") = "Xunit.Runner", "Xunit.Runner\Xunit.Runner.csproj", "{F0277E7D-323C-4A9C-8BC7-2BB799B0C848}"
EndProject
Project("{FAE04EC0-301F-11D3-BF4B-00C04F79EFBC}") = "Types", "Types\Types.csproj", "{1CDFCD4A-253A-4240-B9E7-2010DB28D712}"
EndProject
Global
	GlobalSection(SolutionConfigurationPlatforms) = preSolution
		Debug|Any CPU = Debug|Any CPU
		Release|Any CPU = Release|Any CPU
	EndGlobalSection
	GlobalSection(ProjectConfigurationPlatforms) = postSolution
		{0A5B2D20-308C-4599-9F99-C13F98173D9F}.Debug|Any CPU.ActiveCfg = Debug|Any CPU
		{0A5B2D20-308C-4599-9F99-C13F98173D9F}.Debug|Any CPU.Build.0 = Debug|Any CPU
		{0A5B2D20-308C-4599-9F99-C13F98173D9F}.Release|Any CPU.ActiveCfg = Release|Any CPU
		{0A5B2D20-308C-4599-9F99-C13F98173D9F}.Release|Any CPU.Build.0 = Release|Any CPU
		{87BE1ABF-1F59-41AB-A3CB-4B1E7E0B218A}.Debug|Any CPU.ActiveCfg = Debug|Any CPU
		{87BE1ABF-1F59-41AB-A3CB-4B1E7E0B218A}.Debug|Any CPU.Build.0 = Debug|Any CPU
		{87BE1ABF-1F59-41AB-A3CB-4B1E7E0B218A}.Release|Any CPU.ActiveCfg = Release|Any CPU
		{87BE1ABF-1F59-41AB-A3CB-4B1E7E0B218A}.Release|Any CPU.Build.0 = Release|Any CPU
		{616298BC-690E-405F-ABE3-35B72A1C5A11}.Debug|Any CPU.ActiveCfg = Debug|Any CPU
		{616298BC-690E-405F-ABE3-35B72A1C5A11}.Debug|Any CPU.Build.0 = Debug|Any CPU
		{616298BC-690E-405F-ABE3-35B72A1C5A11}.Release|Any CPU.ActiveCfg = Release|Any CPU
		{616298BC-690E-405F-ABE3-35B72A1C5A11}.Release|Any CPU.Build.0 = Release|Any CPU
		{ABA76FC1-7E4C-45C2-889D-28396500E29D}.Debug|Any CPU.ActiveCfg = Debug|Any CPU
		{ABA76FC1-7E4C-45C2-889D-28396500E29D}.Debug|Any CPU.Build.0 = Debug|Any CPU
		{ABA76FC1-7E4C-45C2-889D-28396500E29D}.Release|Any CPU.ActiveCfg = Release|Any CPU
		{ABA76FC1-7E4C-45C2-889D-28396500E29D}.Release|Any CPU.Build.0 = Release|Any CPU
		{143019B3-BBBC-4016-A804-48B8E5B2FA1B}.Debug|Any CPU.ActiveCfg = Debug|Any CPU
		{143019B3-BBBC-4016-A804-48B8E5B2FA1B}.Debug|Any CPU.Build.0 = Debug|Any CPU
		{143019B3-BBBC-4016-A804-48B8E5B2FA1B}.Release|Any CPU.ActiveCfg = Release|Any CPU
		{143019B3-BBBC-4016-A804-48B8E5B2FA1B}.Release|Any CPU.Build.0 = Release|Any CPU
		{F0277E7D-323C-4A9C-8BC7-2BB799B0C848}.Debug|Any CPU.ActiveCfg = Debug|Any CPU
		{F0277E7D-323C-4A9C-8BC7-2BB799B0C848}.Debug|Any CPU.Build.0 = Debug|Any CPU
		{F0277E7D-323C-4A9C-8BC7-2BB799B0C848}.Release|Any CPU.ActiveCfg = Release|Any CPU
		{F0277E7D-323C-4A9C-8BC7-2BB799B0C848}.Release|Any CPU.Build.0 = Release|Any CPU
		{1CDFCD4A-253A-4240-B9E7-2010DB28D712}.Debug|Any CPU.ActiveCfg = Debug|Any CPU
		{1CDFCD4A-253A-4240-B9E7-2010DB28D712}.Debug|Any CPU.Build.0 = Debug|Any CPU
		{1CDFCD4A-253A-4240-B9E7-2010DB28D712}.Release|Any CPU.ActiveCfg = Release|Any CPU
		{1CDFCD4A-253A-4240-B9E7-2010DB28D712}.Release|Any CPU.Build.0 = Release|Any CPU
	EndGlobalSection
	GlobalSection(SolutionProperties) = preSolution
		HideSolutionNode = FALSE
	EndGlobalSection
EndGlobal
